
Microsoft Visual Studio Solution File, Format Version 12.00
# Visual Studio Version 16
VisualStudioVersion = 16.0.28922.388
MinimumVisualStudioVersion = 10.0.40219.1
Project("{FAE04EC0-301F-11D3-BF4B-00C04F79EFBC}") = "Eventures", "Eventures\Eventures.csproj", "{755B107F-4248-4D85-8081-F7E3574DD095}"
EndProject
Project("{FAE04EC0-301F-11D3-BF4B-00C04F79EFBC}") = "Eventures.Data", "Eventures.Data\Eventures.Data.csproj", "{D3D32B4D-6AA4-4DE4-8159-F31C3F47A6DE}"
EndProject
Project("{FAE04EC0-301F-11D3-BF4B-00C04F79EFBC}") = "Eventures.Domain", "Eventures.Domain\Eventures.Domain.csproj", "{B862C6C5-D4F6-4B12-9DCE-AAC1A30A159B}"
EndProject
Global
	GlobalSection(SolutionConfigurationPlatforms) = preSolution
		Debug|Any CPU = Debug|Any CPU
		Release|Any CPU = Release|Any CPU
	EndGlobalSection
	GlobalSection(ProjectConfigurationPlatforms) = postSolution
		{755B107F-4248-4D85-8081-F7E3574DD095}.Debug|Any CPU.ActiveCfg = Debug|Any CPU
		{755B107F-4248-4D85-8081-F7E3574DD095}.Debug|Any CPU.Build.0 = Debug|Any CPU
		{755B107F-4248-4D85-8081-F7E3574DD095}.Release|Any CPU.ActiveCfg = Release|Any CPU
		{755B107F-4248-4D85-8081-F7E3574DD095}.Release|Any CPU.Build.0 = Release|Any CPU
		{D3D32B4D-6AA4-4DE4-8159-F31C3F47A6DE}.Debug|Any CPU.ActiveCfg = Debug|Any CPU
		{D3D32B4D-6AA4-4DE4-8159-F31C3F47A6DE}.Debug|Any CPU.Build.0 = Debug|Any CPU
		{D3D32B4D-6AA4-4DE4-8159-F31C3F47A6DE}.Release|Any CPU.ActiveCfg = Release|Any CPU
		{D3D32B4D-6AA4-4DE4-8159-F31C3F47A6DE}.Release|Any CPU.Build.0 = Release|Any CPU
		{B862C6C5-D4F6-4B12-9DCE-AAC1A30A159B}.Debug|Any CPU.ActiveCfg = Debug|Any CPU
		{B862C6C5-D4F6-4B12-9DCE-AAC1A30A159B}.Debug|Any CPU.Build.0 = Debug|Any CPU
		{B862C6C5-D4F6-4B12-9DCE-AAC1A30A159B}.Release|Any CPU.ActiveCfg = Release|Any CPU
		{B862C6C5-D4F6-4B12-9DCE-AAC1A30A159B}.Release|Any CPU.Build.0 = Release|Any CPU
	EndGlobalSection
	GlobalSection(SolutionProperties) = preSolution
		HideSolutionNode = FALSE
	EndGlobalSection
	GlobalSection(ExtensibilityGlobals) = postSolution
		SolutionGuid = {458E3590-234A-464F-8ED5-C7F7C1492739}
	EndGlobalSection
EndGlobal
